
Microsoft Visual Studio Solution File, Format Version 12.00
# Visual Studio Version 17
VisualStudioVersion = 17.0.31903.59
MinimumVisualStudioVersion = 10.0.40219.1
Project("{2150E333-8FDC-42A3-9474-1A3956D46DE8}") = "src", "src", "{44DD5B44-D85C-4B52-B6F8-53FB783D25FD}"
EndProject
Project("{FAE04EC0-301F-11D3-BF4B-00C04F79EFBC}") = "belajar-binding-1", "src\belajar-binding-1\belajar-binding-1.csproj", "{0B90C4EE-463E-4B3A-9D16-5CB874E7146D}"
EndProject
Global
	GlobalSection(SolutionConfigurationPlatforms) = preSolution
		Debug|Any CPU = Debug|Any CPU
		Release|Any CPU = Release|Any CPU
	EndGlobalSection
	GlobalSection(ProjectConfigurationPlatforms) = postSolution
		{0B90C4EE-463E-4B3A-9D16-5CB874E7146D}.Debug|Any CPU.ActiveCfg = Debug|Any CPU
		{0B90C4EE-463E-4B3A-9D16-5CB874E7146D}.Debug|Any CPU.Build.0 = Debug|Any CPU
		{0B90C4EE-463E-4B3A-9D16-5CB874E7146D}.Release|Any CPU.ActiveCfg = Release|Any CPU
		{0B90C4EE-463E-4B3A-9D16-5CB874E7146D}.Release|Any CPU.Build.0 = Release|Any CPU
	EndGlobalSection
	GlobalSection(SolutionProperties) = preSolution
		HideSolutionNode = FALSE
	EndGlobalSection
	GlobalSection(NestedProjects) = preSolution
		{0B90C4EE-463E-4B3A-9D16-5CB874E7146D} = {44DD5B44-D85C-4B52-B6F8-53FB783D25FD}
	EndGlobalSection
	GlobalSection(ExtensibilityGlobals) = postSolution
		SolutionGuid = {6BE5D92F-649E-4462-BFDF-5D1E0FB62B65}
	EndGlobalSection
EndGlobal
